
Microsoft Visual Studio Solution File, Format Version 12.00
# Visual Studio Version 17
VisualStudioVersion = 17.1.32210.238
MinimumVisualStudioVersion = 10.0.40219.1
Project("{FAE04EC0-301F-11D3-BF4B-00C04F79EFBC}") = "Q3 - Average Value in Array", "Q3 - Average Value in Array\Q3 - Average Value in Array.csproj", "{8505B034-F15F-4E3E-8055-596EC00A258B}"
EndProject
Global
	GlobalSection(SolutionConfigurationPlatforms) = preSolution
		Debug|Any CPU = Debug|Any CPU
		Release|Any CPU = Release|Any CPU
	EndGlobalSection
	GlobalSection(ProjectConfigurationPlatforms) = postSolution
		{8505B034-F15F-4E3E-8055-596EC00A258B}.Debug|Any CPU.ActiveCfg = Debug|Any CPU
		{8505B034-F15F-4E3E-8055-596EC00A258B}.Debug|Any CPU.Build.0 = Debug|Any CPU
		{8505B034-F15F-4E3E-8055-596EC00A258B}.Release|Any CPU.ActiveCfg = Release|Any CPU
		{8505B034-F15F-4E3E-8055-596EC00A258B}.Release|Any CPU.Build.0 = Release|Any CPU
	EndGlobalSection
	GlobalSection(SolutionProperties) = preSolution
		HideSolutionNode = FALSE
	EndGlobalSection
	GlobalSection(ExtensibilityGlobals) = postSolution
		SolutionGuid = {274E8197-7A11-4728-A248-53DB5469E800}
	EndGlobalSection
EndGlobal
