
Microsoft Visual Studio Solution File, Format Version 12.00
# Visual Studio Version 17
VisualStudioVersion = 17.1.32210.238
MinimumVisualStudioVersion = 10.0.40219.1
Project("{FAE04EC0-301F-11D3-BF4B-00C04F79EFBC}") = "Q5.1 Library", "Q5.1 Library\Q5.1 Library.csproj", "{C58941CF-6AD0-415E-9635-8AB8D7255520}"
EndProject
Global
	GlobalSection(SolutionConfigurationPlatforms) = preSolution
		Debug|Any CPU = Debug|Any CPU
		Release|Any CPU = Release|Any CPU
	EndGlobalSection
	GlobalSection(ProjectConfigurationPlatforms) = postSolution
		{C58941CF-6AD0-415E-9635-8AB8D7255520}.Debug|Any CPU.ActiveCfg = Debug|Any CPU
		{C58941CF-6AD0-415E-9635-8AB8D7255520}.Debug|Any CPU.Build.0 = Debug|Any CPU
		{C58941CF-6AD0-415E-9635-8AB8D7255520}.Release|Any CPU.ActiveCfg = Release|Any CPU
		{C58941CF-6AD0-415E-9635-8AB8D7255520}.Release|Any CPU.Build.0 = Release|Any CPU
	EndGlobalSection
	GlobalSection(SolutionProperties) = preSolution
		HideSolutionNode = FALSE
	EndGlobalSection
	GlobalSection(ExtensibilityGlobals) = postSolution
		SolutionGuid = {DE6F7C6F-02EB-4127-9A0E-BEAF3573B94B}
	EndGlobalSection
EndGlobal
