
Microsoft Visual Studio Solution File, Format Version 12.00
# Visual Studio Version 17
VisualStudioVersion = 17.1.32210.238
MinimumVisualStudioVersion = 10.0.40219.1
Project("{FAE04EC0-301F-11D3-BF4B-00C04F79EFBC}") = "Q4. Create_Class_Employees", "Q4. Create_Class_Employees\Q4. Create_Class_Employees.csproj", "{78B9B55B-BBFE-4C92-A8E4-DEB6249EFE06}"
EndProject
Global
	GlobalSection(SolutionConfigurationPlatforms) = preSolution
		Debug|Any CPU = Debug|Any CPU
		Release|Any CPU = Release|Any CPU
	EndGlobalSection
	GlobalSection(ProjectConfigurationPlatforms) = postSolution
		{78B9B55B-BBFE-4C92-A8E4-DEB6249EFE06}.Debug|Any CPU.ActiveCfg = Debug|Any CPU
		{78B9B55B-BBFE-4C92-A8E4-DEB6249EFE06}.Debug|Any CPU.Build.0 = Debug|Any CPU
		{78B9B55B-BBFE-4C92-A8E4-DEB6249EFE06}.Release|Any CPU.ActiveCfg = Release|Any CPU
		{78B9B55B-BBFE-4C92-A8E4-DEB6249EFE06}.Release|Any CPU.Build.0 = Release|Any CPU
	EndGlobalSection
	GlobalSection(SolutionProperties) = preSolution
		HideSolutionNode = FALSE
	EndGlobalSection
	GlobalSection(ExtensibilityGlobals) = postSolution
		SolutionGuid = {06D24B47-5C38-4DC0-9042-D00E14345BF1}
	EndGlobalSection
EndGlobal
