
Microsoft Visual Studio Solution File, Format Version 12.00
# Visual Studio Version 17
VisualStudioVersion = 17.1.32210.238
MinimumVisualStudioVersion = 10.0.40219.1
Project("{FAE04EC0-301F-11D3-BF4B-00C04F79EFBC}") = "Q5. Reading_DLL_Using_Reflection", "Q5. Reading_DLL_Using_Reflection\Q5. Reading_DLL_Using_Reflection.csproj", "{878778BE-ADE6-49E9-A0FC-D32332F16246}"
EndProject
Global
	GlobalSection(SolutionConfigurationPlatforms) = preSolution
		Debug|Any CPU = Debug|Any CPU
		Release|Any CPU = Release|Any CPU
	EndGlobalSection
	GlobalSection(ProjectConfigurationPlatforms) = postSolution
		{878778BE-ADE6-49E9-A0FC-D32332F16246}.Debug|Any CPU.ActiveCfg = Debug|Any CPU
		{878778BE-ADE6-49E9-A0FC-D32332F16246}.Debug|Any CPU.Build.0 = Debug|Any CPU
		{878778BE-ADE6-49E9-A0FC-D32332F16246}.Release|Any CPU.ActiveCfg = Release|Any CPU
		{878778BE-ADE6-49E9-A0FC-D32332F16246}.Release|Any CPU.Build.0 = Release|Any CPU
	EndGlobalSection
	GlobalSection(SolutionProperties) = preSolution
		HideSolutionNode = FALSE
	EndGlobalSection
	GlobalSection(ExtensibilityGlobals) = postSolution
		SolutionGuid = {BF3B90F0-F6F5-4B6B-8939-3931F33D4ABA}
	EndGlobalSection
EndGlobal
